
Microsoft Visual Studio Solution File, Format Version 12.00
# Visual Studio Version 17
VisualStudioVersion = 17.4.33403.182
MinimumVisualStudioVersion = 10.0.40219.1
Project("{8BC9CEB8-8B4A-11D0-8D11-00A0C91BC942}") = "Git_hub", "Git_hub\Git_hub.vcxproj", "{42E4ECFA-730C-463C-A8E2-CAEFECCBE487}"
EndProject
Global
	GlobalSection(SolutionConfigurationPlatforms) = preSolution
		Debug|x64 = Debug|x64
		Debug|x86 = Debug|x86
		Release|x64 = Release|x64
		Release|x86 = Release|x86
	EndGlobalSection
	GlobalSection(ProjectConfigurationPlatforms) = postSolution
		{42E4ECFA-730C-463C-A8E2-CAEFECCBE487}.Debug|x64.ActiveCfg = Debug|x64
		{42E4ECFA-730C-463C-A8E2-CAEFECCBE487}.Debug|x64.Build.0 = Debug|x64
		{42E4ECFA-730C-463C-A8E2-CAEFECCBE487}.Debug|x86.ActiveCfg = Debug|Win32
		{42E4ECFA-730C-463C-A8E2-CAEFECCBE487}.Debug|x86.Build.0 = Debug|Win32
		{42E4ECFA-730C-463C-A8E2-CAEFECCBE487}.Release|x64.ActiveCfg = Release|x64
		{42E4ECFA-730C-463C-A8E2-CAEFECCBE487}.Release|x64.Build.0 = Release|x64
		{42E4ECFA-730C-463C-A8E2-CAEFECCBE487}.Release|x86.ActiveCfg = Release|Win32
		{42E4ECFA-730C-463C-A8E2-CAEFECCBE487}.Release|x86.Build.0 = Release|Win32
	EndGlobalSection
	GlobalSection(SolutionProperties) = preSolution
		HideSolutionNode = FALSE
	EndGlobalSection
	GlobalSection(ExtensibilityGlobals) = postSolution
		SolutionGuid = {9957010B-2AAA-482E-85CB-C288F03F97D2}
	EndGlobalSection
EndGlobal
